
Microsoft Visual Studio Solution File, Format Version 12.00
# Visual Studio 14
VisualStudioVersion = 14.0.25420.1
MinimumVisualStudioVersion = 10.0.40219.1
Project("{FAE04EC0-301F-11D3-BF4B-00C04F79EFBC}") = "VivaFund.WebAPI", "VivaFund\VivaFund.WebAPI.csproj", "{27F1044F-6FA3-44EC-84B9-67F5DC01E43B}"
EndProject
Project("{FAE04EC0-301F-11D3-BF4B-00C04F79EFBC}") = "VivaFund.Repositories", "VivaFund.Repository\VivaFund.Repositories.csproj", "{CF812369-19D5-4C9C-9E83-437B55D6F30F}"
EndProject
Project("{FAE04EC0-301F-11D3-BF4B-00C04F79EFBC}") = "VivaFund.Interfaces", "VivaFund.Interfaces\VivaFund.Interfaces.csproj", "{8F8CB693-E95D-46E9-BA80-98E0C2F6BC62}"
EndProject
Project("{FAE04EC0-301F-11D3-BF4B-00C04F79EFBC}") = "VivaFund.DomainModels", "VivaFund.Models\VivaFund.DomainModels.csproj", "{50AE3636-3DE8-4F27-A495-F872A1556B0F}"
EndProject
Project("{FAE04EC0-301F-11D3-BF4B-00C04F79EFBC}") = "VivaFund.WEB", "VivaFund.WEB\VivaFund.WEB.csproj", "{01512421-473D-4C33-9C00-726354758A28}"
EndProject
Project("{FAE04EC0-301F-11D3-BF4B-00C04F79EFBC}") = "VivaFund.Services", "VivaFund.Services\VivaFund.Services.csproj", "{87804F20-9431-4AC8-9FE7-E395391AF464}"
EndProject
Project("{FAE04EC0-301F-11D3-BF4B-00C04F79EFBC}") = "VivaFund.ServicesInterfaces", "VivaFund.ServicesInterfaces\VivaFund.ServicesInterfaces.csproj", "{ACB49569-9306-4255-8053-9195967C820E}"
EndProject
Global
	GlobalSection(SolutionConfigurationPlatforms) = preSolution
		Debug|Any CPU = Debug|Any CPU
		Release|Any CPU = Release|Any CPU
	EndGlobalSection
	GlobalSection(ProjectConfigurationPlatforms) = postSolution
		{27F1044F-6FA3-44EC-84B9-67F5DC01E43B}.Debug|Any CPU.ActiveCfg = Debug|Any CPU
		{27F1044F-6FA3-44EC-84B9-67F5DC01E43B}.Debug|Any CPU.Build.0 = Debug|Any CPU
		{27F1044F-6FA3-44EC-84B9-67F5DC01E43B}.Release|Any CPU.ActiveCfg = Release|Any CPU
		{27F1044F-6FA3-44EC-84B9-67F5DC01E43B}.Release|Any CPU.Build.0 = Release|Any CPU
		{CF812369-19D5-4C9C-9E83-437B55D6F30F}.Debug|Any CPU.ActiveCfg = Debug|Any CPU
		{CF812369-19D5-4C9C-9E83-437B55D6F30F}.Debug|Any CPU.Build.0 = Debug|Any CPU
		{CF812369-19D5-4C9C-9E83-437B55D6F30F}.Release|Any CPU.ActiveCfg = Release|Any CPU
		{CF812369-19D5-4C9C-9E83-437B55D6F30F}.Release|Any CPU.Build.0 = Release|Any CPU
		{8F8CB693-E95D-46E9-BA80-98E0C2F6BC62}.Debug|Any CPU.ActiveCfg = Debug|Any CPU
		{8F8CB693-E95D-46E9-BA80-98E0C2F6BC62}.Debug|Any CPU.Build.0 = Debug|Any CPU
		{8F8CB693-E95D-46E9-BA80-98E0C2F6BC62}.Release|Any CPU.ActiveCfg = Release|Any CPU
		{8F8CB693-E95D-46E9-BA80-98E0C2F6BC62}.Release|Any CPU.Build.0 = Release|Any CPU
		{50AE3636-3DE8-4F27-A495-F872A1556B0F}.Debug|Any CPU.ActiveCfg = Debug|Any CPU
		{50AE3636-3DE8-4F27-A495-F872A1556B0F}.Debug|Any CPU.Build.0 = Debug|Any CPU
		{50AE3636-3DE8-4F27-A495-F872A1556B0F}.Release|Any CPU.ActiveCfg = Release|Any CPU
		{50AE3636-3DE8-4F27-A495-F872A1556B0F}.Release|Any CPU.Build.0 = Release|Any CPU
		{01512421-473D-4C33-9C00-726354758A28}.Debug|Any CPU.ActiveCfg = Debug|Any CPU
		{01512421-473D-4C33-9C00-726354758A28}.Debug|Any CPU.Build.0 = Debug|Any CPU
		{01512421-473D-4C33-9C00-726354758A28}.Release|Any CPU.ActiveCfg = Release|Any CPU
		{01512421-473D-4C33-9C00-726354758A28}.Release|Any CPU.Build.0 = Release|Any CPU
		{87804F20-9431-4AC8-9FE7-E395391AF464}.Debug|Any CPU.ActiveCfg = Debug|Any CPU
		{87804F20-9431-4AC8-9FE7-E395391AF464}.Debug|Any CPU.Build.0 = Debug|Any CPU
		{87804F20-9431-4AC8-9FE7-E395391AF464}.Release|Any CPU.ActiveCfg = Release|Any CPU
		{87804F20-9431-4AC8-9FE7-E395391AF464}.Release|Any CPU.Build.0 = Release|Any CPU
		{ACB49569-9306-4255-8053-9195967C820E}.Debug|Any CPU.ActiveCfg = Debug|Any CPU
		{ACB49569-9306-4255-8053-9195967C820E}.Debug|Any CPU.Build.0 = Debug|Any CPU
		{ACB49569-9306-4255-8053-9195967C820E}.Release|Any CPU.ActiveCfg = Release|Any CPU
		{ACB49569-9306-4255-8053-9195967C820E}.Release|Any CPU.Build.0 = Release|Any CPU
	EndGlobalSection
	GlobalSection(SolutionProperties) = preSolution
		HideSolutionNode = FALSE
	EndGlobalSection
EndGlobal
